{
  "name": "postback_tests",
  "version": "0.0.1",
  "lockfileVersion": 2,
  "requires": true,
  "packages": {
    "": {
      "name": "postback_tests",
      "version": "0.0.1",
      "license": "UNLICENSED",
      "dependencies": {
        "weaponx-utilities": "file:../weaponx-utilities"
      }
    },
    "../weaponx-postback": {
      "version": "0.0.1",
      "extraneous": true,
      "license": "UNLICENCED",
      "dependencies": {
        "axios": "^0.21.1",
        "axois": "^0.0.1-security",
        "number-detect": "^0.4.0",
        "pino": "^6.13.0",
        "renoir": "^0.7.4",
        "uuid": "^8.3.2"
      },
      "devDependencies": {
        "eslint": "^7.32.0",
        "eslint-config-standard": "^16.0.3",
        "eslint-plugin-import": "^2.24.0",
        "eslint-plugin-node": "^11.1.0",
        "eslint-plugin-promise": "^5.1.0",
        "standard": "^16.0.3",
        "tape": "^5.3.1"
      }
    },
    "../weaponx-utilities": {
      "name": "weaponx-node-template",
      "version": "0.0.1",
      "license": "UNLICENCED",
      "dependencies": {
        "axios": "^0.21.1",
        "number-detect": "^0.4.0",
        "pino": "^6.13.0",
        "renoir": "^0.7.4",
        "uuid": "^8.3.2"
      },
      "devDependencies": {
        "eslint": "^7.32.0",
        "eslint-config-standard": "^16.0.3",
        "eslint-plugin-import": "^2.23.4",
        "eslint-plugin-node": "^11.1.0",
        "eslint-plugin-promise": "^5.1.0",
        "standard": "^16.0.3",
        "tape": "^5.3.0"
      }
    },
    "node_modules/weaponx-utilities": {
      "resolved": "../weaponx-utilities",
      "link": true
    }
  },
  "dependencies": {
    "weaponx-utilities": {
      "version": "file:../weaponx-utilities",
      "requires": {
        "axios": "^0.21.1",
        "eslint": "^7.32.0",
        "eslint-config-standard": "^16.0.3",
        "eslint-plugin-import": "^2.23.4",
        "eslint-plugin-node": "^11.1.0",
        "eslint-plugin-promise": "^5.1.0",
        "number-detect": "^0.4.0",
        "pino": "^6.13.0",
        "renoir": "^0.7.4",
        "standard": "^16.0.3",
        "tape": "^5.3.0",
        "uuid": "^8.3.2"
      }
    }
  }
}
